// !$*UTF8*$!
{
	archiveVersion = 1;
	classes = {
	};
	objectVersion = 46;
	objects = {

/* Begin PBXBuildFile section */
		3E01548B1CC5295F009FB01D /* AppDelegate.swift in Sources */ = {isa = PBXBuildFile; fileRef = 3E01548A1CC5295F009FB01D /* AppDelegate.swift */; };
		3E01548D1CC5295F009FB01D /* ViewController.swift in Sources */ = {isa = PBXBuildFile; fileRef = 3E01548C1CC5295F009FB01D /* ViewController.swift */; };
		3E0154901CC5295F009FB01D /* Main.storyboard in Resources */ = {isa = PBXBuildFile; fileRef = 3E01548E1CC5295F009FB01D /* Main.storyboard */; };
		3E0154931CC5295F009FB01D /* collegeapp.xcdatamodeld in Sources */ = {isa = PBXBuildFile; fileRef = 3E0154911CC5295F009FB01D /* collegeapp.xcdatamodeld */; };
		3E0154951CC5295F009FB01D /* Assets.xcassets in Resources */ = {isa = PBXBuildFile; fileRef = 3E0154941CC5295F009FB01D /* Assets.xcassets */; };
		3E0154981CC5295F009FB01D /* LaunchScreen.storyboard in Resources */ = {isa = PBXBuildFile; fileRef = 3E0154961CC5295F009FB01D /* LaunchScreen.storyboard */; };
/* End PBXBuildFile section */

/* Begin PBXFileReference section */
		3E0154871CC5295F009FB01D /* collegeapp.app */ = {isa = PBXFileReference; explicitFileType = wrapper.application; includeInIndex = 0; path = collegeapp.app; sourceTree = BUILT_PRODUCTS_DIR; };
		3E01548A1CC5295F009FB01D /* AppDelegate.swift */ = {isa = PBXFileReference; lastKnownFileType = sourcecode.swift; path = AppDelegate.swift; sourceTree = "<group>"; };
		3E01548C1CC5295F009FB01D /* ViewController.swift */ = {isa = PBXFileReference; lastKnownFileType = sourcecode.swift; path = ViewController.swift; sourceTree = "<group>"; };
		3E01548F1CC5295F009FB01D /* Base */ = {isa = PBXFileReference; lastKnownFileType = file.storyboard; name = Base; path = Base.lproj/Main.storyboard; sourceTree = "<group>"; };
		3E0154921CC5295F009FB01D /* collegeapp.xcdatamodel */ = {isa = PBXFileReference; lastKnownFileType = wrapper.xcdatamodel; path = collegeapp.xcdatamodel; sourceTree = "<group>"; };
		3E0154941CC5295F009FB01D /* Assets.xcassets */ = {isa = PBXFileReference; lastKnownFileType = folder.assetcatalog; path = Assets.xcassets; sourceTree = "<group>"; };
		3E0154971CC5295F009FB01D /* Base */ = {isa = PBXFileReference; lastKnownFileType = file.storyboard; name = Base; path = Base.lproj/LaunchScreen.storyboard; sourceTree = "<group>"; };
		3E0154991CC5295F009FB01D /* Info.plist */ = {isa = PBXFileReference; lastKnownFileType = text.plist.xml; path = Info.plist; sourceTree = "<group>"; };
/* End PBXFileReference section */

/* Begin PBXFrameworksBuildPhase section */
		3E0154841CC5295F009FB01D /* Frameworks */ = {
			isa = PBXFrameworksBuildPhase;
			buildActionMask = 2147483647;
			files = (
			);
			runOnlyForDeploymentPostprocessing = 0;
		};
/* End PBXFrameworksBuildPhase section */

/* Begin PBXGroup section */
		3E01547E1CC5295F009FB01D = {
			isa = PBXGroup;
			children = (
				3E0154891CC5295F009FB01D /* collegeapp */,
				3E0154881CC5295F009FB01D /* Products */,
			);
			sourceTree = "<group>";
		};
		3E0154881CC5295F009FB01D /* Products */ = {
			isa = PBXGroup;
			children = (
				3E0154871CC5295F009FB01D /* collegeapp.app */,
			);
			name = Products;
			sourceTree = "<group>";
		};
		3E0154891CC5295F009FB01D /* collegeapp */ = {
			isa = PBXGroup;
			children = (
				3E01548A1CC5295F009FB01D /* AppDelegate.swift */,
				3E01548C1CC5295F009FB01D /* ViewController.swift */,
				3E01548E1CC5295F009FB01D /* Main.storyboard */,
				3E0154941CC5295F009FB01D /* Assets.xcassets */,
				3E0154961CC5295F009FB01D /* LaunchScreen.storyboard */,
				3E0154991CC5295F009FB01D /* Info.plist */,
				3E0154911CC5295F009FB01D /* collegeapp.xcdatamodeld */,
			);
			path = collegeapp;
			sourceTree = "<group>";
		};
/* End PBXGroup section */

/* Begin PBXNativeTarget section */
		3E0154861CC5295F009FB01D /* collegeapp */ = {
			isa = PBXNativeTarget;
			buildConfigurationList = 3E01549C1CC5295F009FB01D /* Build configuration list for PBXNativeTarget "collegeapp" */;
			buildPhases = (
				3E0154831CC5295F009FB01D /* Sources */,
				3E0154841CC5295F009FB01D /* Frameworks */,
				3E0154851CC5295F009FB01D /* Resources */,
			);
			buildRules = (
			);
			dependencies = (
			);
			name = collegeapp;
			productName = collegeapp;
			productReference = 3E0154871CC5295F009FB01D /* collegeapp.app */;
			productType = "com.apple.product-type.application";
		};
/* End PBXNativeTarget section */

/* Begin PBXProject section */
		3E01547F1CC5295F009FB01D /* Project object */ = {
			isa = PBXProject;
			attributes = {
				LastSwiftUpdateCheck = 0730;
				LastUpgradeCheck = 0730;
				ORGANIZATIONNAME = "Surya Siwakoti";
				TargetAttributes = {
					3E0154861CC5295F009FB01D = {
						CreatedOnToolsVersion = 7.3;
						DevelopmentTeam = 4539ATA832;
					};
				};
			};
			buildConfigurationList = 3E0154821CC5295F009FB01D /* Build configuration list for PBXProject "collegeapp" */;
			compatibilityVersion = "Xcode 3.2";
			developmentRegion = English;
			hasScannedForEncodings = 0;
			knownRegions = (
				en,
				Base,
			);
			mainGroup = 3E01547E1CC5295F009FB01D;
			productRefGroup = 3E0154881CC5295F009FB01D /* Products */;
			projectDirPath = "";
			projectRoot = "";
			targets = (
				3E0154861CC5295F009FB01D /* collegeapp */,
			);
		};
/* End PBXProject section */

/* Begin PBXResourcesBuildPhase section */
		3E0154851CC5295F009FB01D /* Resources */ = {
			isa = PBXResourcesBuildPhase;
			buildActionMask = 2147483647;
			files = (
				3E0154981CC5295F009FB01D /* LaunchScreen.storyboard in Resources */,
				3E0154951CC5295F009FB01D /* Assets.xcassets in Resources */,
				3E0154901CC5295F009FB01D /* Main.storyboard in Resources */,
			);
			runOnlyForDeploymentPostprocessing = 0;
		};
/* End PBXResourcesBuildPhase section */

/* Begin PBXSourcesBuildPhase section */
		3E0154831CC5295F009FB01D /* Sources */ = {
			isa = PBXSourcesBuildPhase;
			buildActionMask = 2147483647;
			files = (
				3E01548D1CC5295F009FB01D /* ViewController.swift in Sources */,
				3E01548B1CC5295F009FB01D /* AppDelegate.swift in Sources */,
				3E0154931CC5295F009FB01D /* collegeapp.xcdatamodeld in Sources */,
			);
			runOnlyForDeploymentPostprocessing = 0;
		};
/* End PBXSourcesBuildPhase section */

/* Begin PBXVariantGroup section */
		3E01548E1CC5295F009FB01D /* Main.storyboard */ = {
			isa = PBXVariantGroup;
			children = (
				3E01548F1CC5295F009FB01D /* Base */,
			);
			name = Main.storyboard;
			sourceTree = "<group>";
		};
		3E0154961CC5295F009FB01D /* LaunchScreen.storyboard */ = {
			isa = PBXVariantGroup;
			children = (
				3E0154971CC5295F009FB01D /* Base */,
			);
			name = LaunchScreen.storyboard;
			sourceTree = "<group>";
		};
/* End PBXVariantGroup section */

/* Begin XCBuildConfiguration section */
		3E01549A1CC5295F009FB01D /* Debug */ = {
			isa = XCBuildConfiguration;
			buildSettings = {
				ALWAYS_SEARCH_USER_PATHS = NO;
				CLANG_ANALYZER_NONNULL = YES;
				CLANG_CXX_LANGUAGE_STANDARD = "gnu++0x";
				CLANG_CXX_LIBRARY = "libc++";
				CLANG_ENABLE_MODULES = YES;
				CLANG_ENABLE_OBJC_ARC = YES;
				CLANG_WARN_BOOL_CONVERSION = YES;
				CLANG_WARN_CONSTANT_CONVERSION = YES;
				CLANG_WARN_DIRECT_OBJC_ISA_USAGE = YES_ERROR;
				CLANG_WARN_EMPTY_BODY = YES;
				CLANG_WARN_ENUM_CONVERSION = YES;
				CLANG_WARN_INT_CONVERSION = YES;
				CLANG_WARN_OBJC_ROOT_CLASS = YES_ERROR;
				CLANG_WARN_UNREACHABLE_CODE = YES;
				CLANG_WARN__DUPLICATE_METHOD_MATCH = YES;
				"CODE_SIGN_IDENTITY[sdk=iphoneos*]" = "iPhone Developer";
				COPY_PHASE_STRIP = NO;
				DEBUG_INFORMATION_FORMAT = dwarf;
				ENABLE_STRICT_OBJC_MSGSEND = YES;
				ENABLE_TESTABILITY = YES;
				GCC_C_LANGUAGE_STANDARD = gnu99;
				GCC_DYNAMIC_NO_PIC = NO;
				GCC_NO_COMMON_BLOCKS = YES;
				GCC_OPTIMIZATION_LEVEL = 0;
				GCC_PREPROCESSOR_DEFINITIONS = (
					"DEBUG=1",
					"$(inherited)",
				);
				GCC_WARN_64_TO_32_BIT_CONVERSION = YES;
				GCC_WARN_ABOUT_RETURN_TYPE = YES_ERROR;
				GCC_WARN_UNDECLARED_SELECTOR = YES;
				GCC_WARN_UNINITIALIZED_AUTOS = YES_AGGRESSIVE;
				GCC_WARN_UNUSED_FUNCTION = YES;
				GCC_WARN_UNUSED_VARIABLE = YES;
				IPHONEOS_DEPLOYMENT_TARGET = 9.3;
				MTL_ENABLE_DEBUG_INFO = YES;
				ONLY_ACTIVE_ARCH = YES;
				SDKROOT = iphoneos;
				SWIFT_OPTIMIZATION_LEVEL = "-Onone";
			};
			name = Debug;
		};
		3E01549B1CC5295F009FB01D /* Release */ = {
			isa = XCBuildConfiguration;
			buildSettings = {
				ALWAYS_SEARCH_USER_PATHS = NO;
				CLANG_ANALYZER_NONNULL = YES;
				CLANG_CXX_LANGUAGE_STANDARD = "gnu++0x";
				CLANG_CXX_LIBRARY = "libc++";
				CLANG_ENABLE_MODULES = YES;
				CLANG_ENABLE_OBJC_ARC = YES;
				CLANG_WARN_BOOL_CONVERSION = YES;
				CLANG_WARN_CONSTANT_CONVERSION = YES;
				CLANG_WARN_DIRECT_OBJC_ISA_USAGE = YES_ERROR;
				CLANG_WARN_EMPTY_BODY = YES;
				CLANG_WARN_ENUM_CONVERSION = YES;
				CLANG_WARN_INT_CONVERSION = YES;
				CLANG_WARN_OBJC_ROOT_CLASS = YES_ERROR;
				CLANG_WARN_UNREACHABLE_CODE = YES;
				CLANG_WARN__DUPLICATE_METHOD_MATCH = YES;
				"CODE_SIGN_IDENTITY[sdk=iphoneos*]" = "iPhone Developer";
				COPY_PHASE_STRIP = NO;
				DEBUG_INFORMATION_FORMAT = "dwarf-with-dsym";
				ENABLE_NS_ASSERTIONS = NO;
				ENABLE_STRICT_OBJC_MSGSEND = YES;
				GCC_C_LANGUAGE_STANDARD = gnu99;
				GCC_NO_COMMON_BLOCKS = YES;
				GCC_WARN_64_TO_32_BIT_CONVERSION = YES;
				GCC_WARN_ABOUT_RETURN_TYPE = YES_ERROR;
				GCC_WARN_UNDECLARED_SELECTOR = YES;
				GCC_WARN_UNINITIALIZED_AUTOS = YES_AGGRESSIVE;
				GCC_WARN_UNUSED_FUNCTION = YES;
				GCC_WARN_UNUSED_VARIABLE = YES;
				IPHONEOS_DEPLOYMENT_TARGET = 9.3;
				MTL_ENABLE_DEBUG_INFO = NO;
				SDKROOT = iphoneos;
				VALIDATE_PRODUCT = YES;
			};
			name = Release;
		};
		3E01549D1CC5295F009FB01D /* Debug */ = {
			isa = XCBuildConfiguration;
			buildSettings = {
				ASSETCATALOG_COMPILER_APPICON_NAME = AppIcon;
				INFOPLIST_FILE = collegeapp/Info.plist;
				LD_RUNPATH_SEARCH_PATHS = "$(inherited) @executable_path/Frameworks";
				PRODUCT_BUNDLE_IDENTIFIER = com.academy.collegeapp;
				PRODUCT_NAME = "$(TARGET_NAME)";
			};
			name = Debug;
		};
		3E01549E1CC5295F009FB01D /* Release */ = {
			isa = XCBuildConfiguration;
			buildSettings = {
				ASSETCATALOG_COMPILER_APPICON_NAME = AppIcon;
				INFOPLIST_FILE = collegeapp/Info.plist;
				LD_RUNPATH_SEARCH_PATHS = "$(inherited) @executable_path/Frameworks";
				PRODUCT_BUNDLE_IDENTIFIER = com.academy.collegeapp;
				PRODUCT_NAME = "$(TARGET_NAME)";
			};
			name = Release;
		};
/* End XCBuildConfiguration section */

/* Begin XCConfigurationList section */
		3E0154821CC5295F009FB01D /* Build configuration list for PBXProject "collegeapp" */ = {
			isa = XCConfigurationList;
			buildConfigurations = (
				3E01549A1CC5295F009FB01D /* Debug */,
				3E01549B1CC5295F009FB01D /* Release */,
			);
			defaultConfigurationIsVisible = 0;
			defaultConfigurationName = Release;
		};
		3E01549C1CC5295F009FB01D /* Build configuration list for PBXNativeTarget "collegeapp" */ = {
			isa = XCConfigurationList;
			buildConfigurations = (
				3E01549D1CC5295F009FB01D /* Debug */,
				3E01549E1CC5295F009FB01D /* Release */,
			);
			defaultConfigurationIsVisible = 0;
		};
/* End XCConfigurationList section */

/* Begin XCVersionGroup section */
		3E0154911CC5295F009FB01D /* collegeapp.xcdatamodeld */ = {
			isa = XCVersionGroup;
			children = (
				3E0154921CC5295F009FB01D /* collegeapp.xcdatamodel */,
			);
			currentVersion = 3E0154921CC5295F009FB01D /* collegeapp.xcdatamodel */;
			path = collegeapp.xcdatamodeld;
			sourceTree = "<group>";
			versionGroupType = wrapper.xcdatamodel;
		};
/* End XCVersionGroup section */
	};
	rootObject = 3E01547F1CC5295F009FB01D /* Project object */;
}
